
Microsoft Visual Studio Solution File, Format Version 12.00
# Visual Studio Version 17
VisualStudioVersion = 17.5.33502.453
MinimumVisualStudioVersion = 10.0.40219.1
Project("{FAE04EC0-301F-11D3-BF4B-00C04F79EFBC}") = "cwiczenia nr 3 - zadanie 7", "cwiczenia nr 3 - zadanie 7.csproj", "{99830EAC-3A03-4E44-9C05-63368A858DC8}"
EndProject
Global
	GlobalSection(SolutionConfigurationPlatforms) = preSolution
		Debug|Any CPU = Debug|Any CPU
		Release|Any CPU = Release|Any CPU
	EndGlobalSection
	GlobalSection(ProjectConfigurationPlatforms) = postSolution
		{99830EAC-3A03-4E44-9C05-63368A858DC8}.Debug|Any CPU.ActiveCfg = Debug|Any CPU
		{99830EAC-3A03-4E44-9C05-63368A858DC8}.Debug|Any CPU.Build.0 = Debug|Any CPU
		{99830EAC-3A03-4E44-9C05-63368A858DC8}.Release|Any CPU.ActiveCfg = Release|Any CPU
		{99830EAC-3A03-4E44-9C05-63368A858DC8}.Release|Any CPU.Build.0 = Release|Any CPU
	EndGlobalSection
	GlobalSection(SolutionProperties) = preSolution
		HideSolutionNode = FALSE
	EndGlobalSection
	GlobalSection(ExtensibilityGlobals) = postSolution
		SolutionGuid = {B10ECA72-BCB5-43EF-9F31-DE546D326C8A}
	EndGlobalSection
EndGlobal
